
Microsoft Visual Studio Solution File, Format Version 12.00
# Visual Studio Version 17
VisualStudioVersion = 17.8.34330.188
MinimumVisualStudioVersion = 10.0.40219.1
Project("{FAE04EC0-301F-11D3-BF4B-00C04F79EFBC}") = "Oop_lec_15", "Oop_lec_15\Oop_lec_15.csproj", "{13D60FEA-1EC0-454C-BE58-01AA94CECEFD}"
EndProject
Global
	GlobalSection(SolutionConfigurationPlatforms) = preSolution
		Debug|Any CPU = Debug|Any CPU
		Release|Any CPU = Release|Any CPU
	EndGlobalSection
	GlobalSection(ProjectConfigurationPlatforms) = postSolution
		{13D60FEA-1EC0-454C-BE58-01AA94CECEFD}.Debug|Any CPU.ActiveCfg = Debug|Any CPU
		{13D60FEA-1EC0-454C-BE58-01AA94CECEFD}.Debug|Any CPU.Build.0 = Debug|Any CPU
		{13D60FEA-1EC0-454C-BE58-01AA94CECEFD}.Release|Any CPU.ActiveCfg = Release|Any CPU
		{13D60FEA-1EC0-454C-BE58-01AA94CECEFD}.Release|Any CPU.Build.0 = Release|Any CPU
	EndGlobalSection
	GlobalSection(SolutionProperties) = preSolution
		HideSolutionNode = FALSE
	EndGlobalSection
	GlobalSection(ExtensibilityGlobals) = postSolution
		SolutionGuid = {6ADBCCBF-E4D0-4AE1-BD4C-3D29D2037BEE}
	EndGlobalSection
EndGlobal
